
Microsoft Visual Studio Solution File, Format Version 12.00
# Visual Studio Version 17
VisualStudioVersion = 17.2.32526.322
MinimumVisualStudioVersion = 10.0.40219.1
Project("{FAE04EC0-301F-11D3-BF4B-00C04F79EFBC}") = "TurismoApp.Android", "TurismoApp\TurismoApp.Android\TurismoApp.Android.csproj", "{F3997574-96F3-4A73-A9CC-80AE652454DE}"
EndProject
Project("{FAE04EC0-301F-11D3-BF4B-00C04F79EFBC}") = "TurismoApp", "TurismoApp\TurismoApp\TurismoApp.csproj", "{C3D268AA-3763-4F05-8794-C858F0CEF5AA}"
EndProject
Global
	GlobalSection(SolutionConfigurationPlatforms) = preSolution
		Debug|Any CPU = Debug|Any CPU
		Release|Any CPU = Release|Any CPU
	EndGlobalSection
	GlobalSection(ProjectConfigurationPlatforms) = postSolution
		{F3997574-96F3-4A73-A9CC-80AE652454DE}.Debug|Any CPU.ActiveCfg = Debug|Any CPU
		{F3997574-96F3-4A73-A9CC-80AE652454DE}.Debug|Any CPU.Build.0 = Debug|Any CPU
		{F3997574-96F3-4A73-A9CC-80AE652454DE}.Debug|Any CPU.Deploy.0 = Debug|Any CPU
		{F3997574-96F3-4A73-A9CC-80AE652454DE}.Release|Any CPU.ActiveCfg = Release|Any CPU
		{F3997574-96F3-4A73-A9CC-80AE652454DE}.Release|Any CPU.Build.0 = Release|Any CPU
		{F3997574-96F3-4A73-A9CC-80AE652454DE}.Release|Any CPU.Deploy.0 = Release|Any CPU
		{C3D268AA-3763-4F05-8794-C858F0CEF5AA}.Debug|Any CPU.ActiveCfg = Debug|Any CPU
		{C3D268AA-3763-4F05-8794-C858F0CEF5AA}.Debug|Any CPU.Build.0 = Debug|Any CPU
		{C3D268AA-3763-4F05-8794-C858F0CEF5AA}.Debug|Any CPU.Deploy.0 = Debug|Any CPU
		{C3D268AA-3763-4F05-8794-C858F0CEF5AA}.Release|Any CPU.ActiveCfg = Release|Any CPU
		{C3D268AA-3763-4F05-8794-C858F0CEF5AA}.Release|Any CPU.Build.0 = Release|Any CPU
		{C3D268AA-3763-4F05-8794-C858F0CEF5AA}.Release|Any CPU.Deploy.0 = Release|Any CPU
	EndGlobalSection
	GlobalSection(SolutionProperties) = preSolution
		HideSolutionNode = FALSE
	EndGlobalSection
	GlobalSection(ExtensibilityGlobals) = postSolution
		SolutionGuid = {F53FC72B-FE3A-4415-8B39-E7F95C61825B}
	EndGlobalSection
EndGlobal
